// !$*UTF8*$!
{
	archiveVersion = 1;
	classes = {
	};
	objectVersion = 56;
	objects = {

/* Begin PBXBuildFile section */
		5F4F23EB2C202C77001E1CCF /* SimpleDemoMvvmSwiftUIApp.swift in Sources */ = {isa = PBXBuildFile; fileRef = 5F4F23EA2C202C77001E1CCF /* SimpleDemoMvvmSwiftUIApp.swift */; };
		5F4F23EF2C202C7A001E1CCF /* Assets.xcassets in Resources */ = {isa = PBXBuildFile; fileRef = 5F4F23EE2C202C7A001E1CCF /* Assets.xcassets */; };
		5F4F23F22C202C7A001E1CCF /* Preview Assets.xcassets in Resources */ = {isa = PBXBuildFile; fileRef = 5F4F23F12C202C7A001E1CCF /* Preview Assets.xcassets */; };
		5F4F23FC2C202C7B001E1CCF /* SimpleDemoMvvmSwiftUITests.swift in Sources */ = {isa = PBXBuildFile; fileRef = 5F4F23FB2C202C7B001E1CCF /* SimpleDemoMvvmSwiftUITests.swift */; };
		5F4F24062C202C7B001E1CCF /* SimpleDemoMvvmSwiftUIUITests.swift in Sources */ = {isa = PBXBuildFile; fileRef = 5F4F24052C202C7B001E1CCF /* SimpleDemoMvvmSwiftUIUITests.swift */; };
		5F4F24082C202C7B001E1CCF /* SimpleDemoMvvmSwiftUIUITestsLaunchTests.swift in Sources */ = {isa = PBXBuildFile; fileRef = 5F4F24072C202C7B001E1CCF /* SimpleDemoMvvmSwiftUIUITestsLaunchTests.swift */; };
		5F4F24152C202CBC001E1CCF /* CommentsHomeView.swift in Sources */ = {isa = PBXBuildFile; fileRef = 5F4F24142C202CBC001E1CCF /* CommentsHomeView.swift */; };
		5F4F24172C202CD4001E1CCF /* DetailCommentView.swift in Sources */ = {isa = PBXBuildFile; fileRef = 5F4F24162C202CD4001E1CCF /* DetailCommentView.swift */; };
		5F4F24192C202D68001E1CCF /* CommentModel.swift in Sources */ = {isa = PBXBuildFile; fileRef = 5F4F24182C202D68001E1CCF /* CommentModel.swift */; };
		5F4F241B2C202D86001E1CCF /* CommentViewModel.swift in Sources */ = {isa = PBXBuildFile; fileRef = 5F4F241A2C202D86001E1CCF /* CommentViewModel.swift */; };
		5F4F241D2C202DA7001E1CCF /* CommentViewService.swift in Sources */ = {isa = PBXBuildFile; fileRef = 5F4F241C2C202DA7001E1CCF /* CommentViewService.swift */; };
		5F4F241F2C202DCC001E1CCF /* CommentRow.swift in Sources */ = {isa = PBXBuildFile; fileRef = 5F4F241E2C202DCC001E1CCF /* CommentRow.swift */; };
		5F4F24252C202E84001E1CCF /* Comments.json in Resources */ = {isa = PBXBuildFile; fileRef = 5F4F24242C202E84001E1CCF /* Comments.json */; };
		5F4F24282C202F6F001E1CCF /* Constant.swift in Sources */ = {isa = PBXBuildFile; fileRef = 5F4F24272C202F6F001E1CCF /* Constant.swift */; };
		5F4F242B2C2068D9001E1CCF /* MockCommentViewService.swift in Sources */ = {isa = PBXBuildFile; fileRef = 5F4F242A2C2068D9001E1CCF /* MockCommentViewService.swift */; };
		5F4F242D2C206A0F001E1CCF /* CommentViewModelTests.swift in Sources */ = {isa = PBXBuildFile; fileRef = 5F4F242C2C206A0F001E1CCF /* CommentViewModelTests.swift */; };
/* End PBXBuildFile section */

/* Begin PBXContainerItemProxy section */
		5F4F23F82C202C7B001E1CCF /* PBXContainerItemProxy */ = {
			isa = PBXContainerItemProxy;
			containerPortal = 5F4F23DF2C202C77001E1CCF /* Project object */;
			proxyType = 1;
			remoteGlobalIDString = 5F4F23E62C202C77001E1CCF;
			remoteInfo = SimpleDemoMvvmSwiftUI;
		};
		5F4F24022C202C7B001E1CCF /* PBXContainerItemProxy */ = {
			isa = PBXContainerItemProxy;
			containerPortal = 5F4F23DF2C202C77001E1CCF /* Project object */;
			proxyType = 1;
			remoteGlobalIDString = 5F4F23E62C202C77001E1CCF;
			remoteInfo = SimpleDemoMvvmSwiftUI;
		};
/* End PBXContainerItemProxy section */

/* Begin PBXFileReference section */
		5F4F23E72C202C77001E1CCF /* SimpleDemoMvvmSwiftUI.app */ = {isa = PBXFileReference; explicitFileType = wrapper.application; includeInIndex = 0; path = SimpleDemoMvvmSwiftUI.app; sourceTree = BUILT_PRODUCTS_DIR; };
		5F4F23EA2C202C77001E1CCF /* SimpleDemoMvvmSwiftUIApp.swift */ = {isa = PBXFileReference; lastKnownFileType = sourcecode.swift; path = SimpleDemoMvvmSwiftUIApp.swift; sourceTree = "<group>"; };
		5F4F23EE2C202C7A001E1CCF /* Assets.xcassets */ = {isa = PBXFileReference; lastKnownFileType = folder.assetcatalog; path = Assets.xcassets; sourceTree = "<group>"; };
		5F4F23F12C202C7A001E1CCF /* Preview Assets.xcassets */ = {isa = PBXFileReference; lastKnownFileType = folder.assetcatalog; path = "Preview Assets.xcassets"; sourceTree = "<group>"; };
		5F4F23F72C202C7B001E1CCF /* SimpleDemoMvvmSwiftUITests.xctest */ = {isa = PBXFileReference; explicitFileType = wrapper.cfbundle; includeInIndex = 0; path = SimpleDemoMvvmSwiftUITests.xctest; sourceTree = BUILT_PRODUCTS_DIR; };
		5F4F23FB2C202C7B001E1CCF /* SimpleDemoMvvmSwiftUITests.swift */ = {isa = PBXFileReference; lastKnownFileType = sourcecode.swift; path = SimpleDemoMvvmSwiftUITests.swift; sourceTree = "<group>"; };
		5F4F24012C202C7B001E1CCF /* SimpleDemoMvvmSwiftUIUITests.xctest */ = {isa = PBXFileReference; explicitFileType = wrapper.cfbundle; includeInIndex = 0; path = SimpleDemoMvvmSwiftUIUITests.xctest; sourceTree = BUILT_PRODUCTS_DIR; };
		5F4F24052C202C7B001E1CCF /* SimpleDemoMvvmSwiftUIUITests.swift */ = {isa = PBXFileReference; lastKnownFileType = sourcecode.swift; path = SimpleDemoMvvmSwiftUIUITests.swift; sourceTree = "<group>"; };
		5F4F24072C202C7B001E1CCF /* SimpleDemoMvvmSwiftUIUITestsLaunchTests.swift */ = {isa = PBXFileReference; lastKnownFileType = sourcecode.swift; path = SimpleDemoMvvmSwiftUIUITestsLaunchTests.swift; sourceTree = "<group>"; };
		5F4F24142C202CBC001E1CCF /* CommentsHomeView.swift */ = {isa = PBXFileReference; lastKnownFileType = sourcecode.swift; path = CommentsHomeView.swift; sourceTree = "<group>"; };
		5F4F24162C202CD4001E1CCF /* DetailCommentView.swift */ = {isa = PBXFileReference; lastKnownFileType = sourcecode.swift; path = DetailCommentView.swift; sourceTree = "<group>"; };
		5F4F24182C202D68001E1CCF /* CommentModel.swift */ = {isa = PBXFileReference; lastKnownFileType = sourcecode.swift; path = CommentModel.swift; sourceTree = "<group>"; };
		5F4F241A2C202D86001E1CCF /* CommentViewModel.swift */ = {isa = PBXFileReference; lastKnownFileType = sourcecode.swift; path = CommentViewModel.swift; sourceTree = "<group>"; };
		5F4F241C2C202DA7001E1CCF /* CommentViewService.swift */ = {isa = PBXFileReference; lastKnownFileType = sourcecode.swift; path = CommentViewService.swift; sourceTree = "<group>"; };
		5F4F241E2C202DCC001E1CCF /* CommentRow.swift */ = {isa = PBXFileReference; lastKnownFileType = sourcecode.swift; path = CommentRow.swift; sourceTree = "<group>"; };
		5F4F24242C202E84001E1CCF /* Comments.json */ = {isa = PBXFileReference; fileEncoding = 4; lastKnownFileType = text.json; path = Comments.json; sourceTree = "<group>"; };
		5F4F24272C202F6F001E1CCF /* Constant.swift */ = {isa = PBXFileReference; lastKnownFileType = sourcecode.swift; path = Constant.swift; sourceTree = "<group>"; };
		5F4F242A2C2068D9001E1CCF /* MockCommentViewService.swift */ = {isa = PBXFileReference; lastKnownFileType = sourcecode.swift; path = MockCommentViewService.swift; sourceTree = "<group>"; };
		5F4F242C2C206A0F001E1CCF /* CommentViewModelTests.swift */ = {isa = PBXFileReference; lastKnownFileType = sourcecode.swift; path = CommentViewModelTests.swift; sourceTree = "<group>"; };
/* End PBXFileReference section */

/* Begin PBXFrameworksBuildPhase section */
		5F4F23E42C202C77001E1CCF /* Frameworks */ = {
			isa = PBXFrameworksBuildPhase;
			buildActionMask = 2147483647;
			files = (
			);
			runOnlyForDeploymentPostprocessing = 0;
		};
		5F4F23F42C202C7B001E1CCF /* Frameworks */ = {
			isa = PBXFrameworksBuildPhase;
			buildActionMask = 2147483647;
			files = (
			);
			runOnlyForDeploymentPostprocessing = 0;
		};
		5F4F23FE2C202C7B001E1CCF /* Frameworks */ = {
			isa = PBXFrameworksBuildPhase;
			buildActionMask = 2147483647;
			files = (
			);
			runOnlyForDeploymentPostprocessing = 0;
		};
/* End PBXFrameworksBuildPhase section */

/* Begin PBXGroup section */
		5F4F23DE2C202C77001E1CCF = {
			isa = PBXGroup;
			children = (
				5F4F23E92C202C77001E1CCF /* SimpleDemoMvvmSwiftUI */,
				5F4F23FA2C202C7B001E1CCF /* SimpleDemoMvvmSwiftUITests */,
				5F4F24042C202C7B001E1CCF /* SimpleDemoMvvmSwiftUIUITests */,
				5F4F23E82C202C77001E1CCF /* Products */,
			);
			sourceTree = "<group>";
		};
		5F4F23E82C202C77001E1CCF /* Products */ = {
			isa = PBXGroup;
			children = (
				5F4F23E72C202C77001E1CCF /* SimpleDemoMvvmSwiftUI.app */,
				5F4F23F72C202C7B001E1CCF /* SimpleDemoMvvmSwiftUITests.xctest */,
				5F4F24012C202C7B001E1CCF /* SimpleDemoMvvmSwiftUIUITests.xctest */,
			);
			name = Products;
			sourceTree = "<group>";
		};
		5F4F23E92C202C77001E1CCF /* SimpleDemoMvvmSwiftUI */ = {
			isa = PBXGroup;
			children = (
				5F4F23EA2C202C77001E1CCF /* SimpleDemoMvvmSwiftUIApp.swift */,
				5F4F24222C202E1A001E1CCF /* ViewController */,
				5F4F24212C202E01001E1CCF /* ViewModel */,
				5F4F24202C202DE4001E1CCF /* Model */,
				5F4F24232C202E42001E1CCF /* ApiService */,
				5F4F24262C202EA8001E1CCF /* Stub */,
				5F4F24292C202F75001E1CCF /* Constant */,
				5F4F23EE2C202C7A001E1CCF /* Assets.xcassets */,
				5F4F23F02C202C7A001E1CCF /* Preview Content */,
			);
			path = SimpleDemoMvvmSwiftUI;
			sourceTree = "<group>";
		};
		5F4F23F02C202C7A001E1CCF /* Preview Content */ = {
			isa = PBXGroup;
			children = (
				5F4F23F12C202C7A001E1CCF /* Preview Assets.xcassets */,
			);
			path = "Preview Content";
			sourceTree = "<group>";
		};
		5F4F23FA2C202C7B001E1CCF /* SimpleDemoMvvmSwiftUITests */ = {
			isa = PBXGroup;
			children = (
				5F4F23FB2C202C7B001E1CCF /* SimpleDemoMvvmSwiftUITests.swift */,
				5F4F242A2C2068D9001E1CCF /* MockCommentViewService.swift */,
				5F4F242C2C206A0F001E1CCF /* CommentViewModelTests.swift */,
			);
			path = SimpleDemoMvvmSwiftUITests;
			sourceTree = "<group>";
		};
		5F4F24042C202C7B001E1CCF /* SimpleDemoMvvmSwiftUIUITests */ = {
			isa = PBXGroup;
			children = (
				5F4F24052C202C7B001E1CCF /* SimpleDemoMvvmSwiftUIUITests.swift */,
				5F4F24072C202C7B001E1CCF /* SimpleDemoMvvmSwiftUIUITestsLaunchTests.swift */,
			);
			path = SimpleDemoMvvmSwiftUIUITests;
			sourceTree = "<group>";
		};
		5F4F24202C202DE4001E1CCF /* Model */ = {
			isa = PBXGroup;
			children = (
				5F4F24182C202D68001E1CCF /* CommentModel.swift */,
			);
			path = Model;
			sourceTree = "<group>";
		};
		5F4F24212C202E01001E1CCF /* ViewModel */ = {
			isa = PBXGroup;
			children = (
				5F4F241A2C202D86001E1CCF /* CommentViewModel.swift */,
			);
			path = ViewModel;
			sourceTree = "<group>";
		};
		5F4F24222C202E1A001E1CCF /* ViewController */ = {
			isa = PBXGroup;
			children = (
				5F4F24142C202CBC001E1CCF /* CommentsHomeView.swift */,
				5F4F241E2C202DCC001E1CCF /* CommentRow.swift */,
				5F4F24162C202CD4001E1CCF /* DetailCommentView.swift */,
			);
			path = ViewController;
			sourceTree = "<group>";
		};
		5F4F24232C202E42001E1CCF /* ApiService */ = {
			isa = PBXGroup;
			children = (
				5F4F241C2C202DA7001E1CCF /* CommentViewService.swift */,
			);
			path = ApiService;
			sourceTree = "<group>";
		};
		5F4F24262C202EA8001E1CCF /* Stub */ = {
			isa = PBXGroup;
			children = (
				5F4F24242C202E84001E1CCF /* Comments.json */,
			);
			path = Stub;
			sourceTree = "<group>";
		};
		5F4F24292C202F75001E1CCF /* Constant */ = {
			isa = PBXGroup;
			children = (
				5F4F24272C202F6F001E1CCF /* Constant.swift */,
			);
			path = Constant;
			sourceTree = "<group>";
		};
/* End PBXGroup section */

/* Begin PBXNativeTarget section */
		5F4F23E62C202C77001E1CCF /* SimpleDemoMvvmSwiftUI */ = {
			isa = PBXNativeTarget;
			buildConfigurationList = 5F4F240B2C202C7B001E1CCF /* Build configuration list for PBXNativeTarget "SimpleDemoMvvmSwiftUI" */;
			buildPhases = (
				5F4F23E32C202C77001E1CCF /* Sources */,
				5F4F23E42C202C77001E1CCF /* Frameworks */,
				5F4F23E52C202C77001E1CCF /* Resources */,
			);
			buildRules = (
			);
			dependencies = (
			);
			name = SimpleDemoMvvmSwiftUI;
			productName = SimpleDemoMvvmSwiftUI;
			productReference = 5F4F23E72C202C77001E1CCF /* SimpleDemoMvvmSwiftUI.app */;
			productType = "com.apple.product-type.application";
		};
		5F4F23F62C202C7B001E1CCF /* SimpleDemoMvvmSwiftUITests */ = {
			isa = PBXNativeTarget;
			buildConfigurationList = 5F4F240E2C202C7B001E1CCF /* Build configuration list for PBXNativeTarget "SimpleDemoMvvmSwiftUITests" */;
			buildPhases = (
				5F4F23F32C202C7B001E1CCF /* Sources */,
				5F4F23F42C202C7B001E1CCF /* Frameworks */,
				5F4F23F52C202C7B001E1CCF /* Resources */,
			);
			buildRules = (
			);
			dependencies = (
				5F4F23F92C202C7B001E1CCF /* PBXTargetDependency */,
			);
			name = SimpleDemoMvvmSwiftUITests;
			productName = SimpleDemoMvvmSwiftUITests;
			productReference = 5F4F23F72C202C7B001E1CCF /* SimpleDemoMvvmSwiftUITests.xctest */;
			productType = "com.apple.product-type.bundle.unit-test";
		};
		5F4F24002C202C7B001E1CCF /* SimpleDemoMvvmSwiftUIUITests */ = {
			isa = PBXNativeTarget;
			buildConfigurationList = 5F4F24112C202C7B001E1CCF /* Build configuration list for PBXNativeTarget "SimpleDemoMvvmSwiftUIUITests" */;
			buildPhases = (
				5F4F23FD2C202C7B001E1CCF /* Sources */,
				5F4F23FE2C202C7B001E1CCF /* Frameworks */,
				5F4F23FF2C202C7B001E1CCF /* Resources */,
			);
			buildRules = (
			);
			dependencies = (
				5F4F24032C202C7B001E1CCF /* PBXTargetDependency */,
			);
			name = SimpleDemoMvvmSwiftUIUITests;
			productName = SimpleDemoMvvmSwiftUIUITests;
			productReference = 5F4F24012C202C7B001E1CCF /* SimpleDemoMvvmSwiftUIUITests.xctest */;
			productType = "com.apple.product-type.bundle.ui-testing";
		};
/* End PBXNativeTarget section */

/* Begin PBXProject section */
		5F4F23DF2C202C77001E1CCF /* Project object */ = {
			isa = PBXProject;
			attributes = {
				BuildIndependentTargetsInParallel = 1;
				LastSwiftUpdateCheck = 1540;
				LastUpgradeCheck = 1540;
				TargetAttributes = {
					5F4F23E62C202C77001E1CCF = {
						CreatedOnToolsVersion = 15.4;
					};
					5F4F23F62C202C7B001E1CCF = {
						CreatedOnToolsVersion = 15.4;
						TestTargetID = 5F4F23E62C202C77001E1CCF;
					};
					5F4F24002C202C7B001E1CCF = {
						CreatedOnToolsVersion = 15.4;
						TestTargetID = 5F4F23E62C202C77001E1CCF;
					};
				};
			};
			buildConfigurationList = 5F4F23E22C202C77001E1CCF /* Build configuration list for PBXProject "SimpleDemoMvvmSwiftUI" */;
			compatibilityVersion = "Xcode 14.0";
			developmentRegion = en;
			hasScannedForEncodings = 0;
			knownRegions = (
				en,
				Base,
			);
			mainGroup = 5F4F23DE2C202C77001E1CCF;
			productRefGroup = 5F4F23E82C202C77001E1CCF /* Products */;
			projectDirPath = "";
			projectRoot = "";
			targets = (
				5F4F23E62C202C77001E1CCF /* SimpleDemoMvvmSwiftUI */,
				5F4F23F62C202C7B001E1CCF /* SimpleDemoMvvmSwiftUITests */,
				5F4F24002C202C7B001E1CCF /* SimpleDemoMvvmSwiftUIUITests */,
			);
		};
/* End PBXProject section */

/* Begin PBXResourcesBuildPhase section */
		5F4F23E52C202C77001E1CCF /* Resources */ = {
			isa = PBXResourcesBuildPhase;
			buildActionMask = 2147483647;
			files = (
				5F4F23F22C202C7A001E1CCF /* Preview Assets.xcassets in Resources */,
				5F4F24252C202E84001E1CCF /* Comments.json in Resources */,
				5F4F23EF2C202C7A001E1CCF /* Assets.xcassets in Resources */,
			);
			runOnlyForDeploymentPostprocessing = 0;
		};
		5F4F23F52C202C7B001E1CCF /* Resources */ = {
			isa = PBXResourcesBuildPhase;
			buildActionMask = 2147483647;
			files = (
			);
			runOnlyForDeploymentPostprocessing = 0;
		};
		5F4F23FF2C202C7B001E1CCF /* Resources */ = {
			isa = PBXResourcesBuildPhase;
			buildActionMask = 2147483647;
			files = (
			);
			runOnlyForDeploymentPostprocessing = 0;
		};
/* End PBXResourcesBuildPhase section */

/* Begin PBXSourcesBuildPhase section */
		5F4F23E32C202C77001E1CCF /* Sources */ = {
			isa = PBXSourcesBuildPhase;
			buildActionMask = 2147483647;
			files = (
				5F4F241D2C202DA7001E1CCF /* CommentViewService.swift in Sources */,
				5F4F241B2C202D86001E1CCF /* CommentViewModel.swift in Sources */,
				5F4F24282C202F6F001E1CCF /* Constant.swift in Sources */,
				5F4F23EB2C202C77001E1CCF /* SimpleDemoMvvmSwiftUIApp.swift in Sources */,
				5F4F24192C202D68001E1CCF /* CommentModel.swift in Sources */,
				5F4F24152C202CBC001E1CCF /* CommentsHomeView.swift in Sources */,
				5F4F241F2C202DCC001E1CCF /* CommentRow.swift in Sources */,
				5F4F24172C202CD4001E1CCF /* DetailCommentView.swift in Sources */,
			);
			runOnlyForDeploymentPostprocessing = 0;
		};
		5F4F23F32C202C7B001E1CCF /* Sources */ = {
			isa = PBXSourcesBuildPhase;
			buildActionMask = 2147483647;
			files = (
				5F4F242D2C206A0F001E1CCF /* CommentViewModelTests.swift in Sources */,
				5F4F242B2C2068D9001E1CCF /* MockCommentViewService.swift in Sources */,
				5F4F23FC2C202C7B001E1CCF /* SimpleDemoMvvmSwiftUITests.swift in Sources */,
			);
			runOnlyForDeploymentPostprocessing = 0;
		};
		5F4F23FD2C202C7B001E1CCF /* Sources */ = {
			isa = PBXSourcesBuildPhase;
			buildActionMask = 2147483647;
			files = (
				5F4F24062C202C7B001E1CCF /* SimpleDemoMvvmSwiftUIUITests.swift in Sources */,
				5F4F24082C202C7B001E1CCF /* SimpleDemoMvvmSwiftUIUITestsLaunchTests.swift in Sources */,
			);
			runOnlyForDeploymentPostprocessing = 0;
		};
/* End PBXSourcesBuildPhase section */

/* Begin PBXTargetDependency section */
		5F4F23F92C202C7B001E1CCF /* PBXTargetDependency */ = {
			isa = PBXTargetDependency;
			target = 5F4F23E62C202C77001E1CCF /* SimpleDemoMvvmSwiftUI */;
			targetProxy = 5F4F23F82C202C7B001E1CCF /* PBXContainerItemProxy */;
		};
		5F4F24032C202C7B001E1CCF /* PBXTargetDependency */ = {
			isa = PBXTargetDependency;
			target = 5F4F23E62C202C77001E1CCF /* SimpleDemoMvvmSwiftUI */;
			targetProxy = 5F4F24022C202C7B001E1CCF /* PBXContainerItemProxy */;
		};
/* End PBXTargetDependency section */

/* Begin XCBuildConfiguration section */
		5F4F24092C202C7B001E1CCF /* Debug */ = {
			isa = XCBuildConfiguration;
			buildSettings = {
				ALWAYS_SEARCH_USER_PATHS = NO;
				ASSETCATALOG_COMPILER_GENERATE_SWIFT_ASSET_SYMBOL_EXTENSIONS = YES;
				CLANG_ANALYZER_NONNULL = YES;
				CLANG_ANALYZER_NUMBER_OBJECT_CONVERSION = YES_AGGRESSIVE;
				CLANG_CXX_LANGUAGE_STANDARD = "gnu++20";
				CLANG_ENABLE_MODULES = YES;
				CLANG_ENABLE_OBJC_ARC = YES;
				CLANG_ENABLE_OBJC_WEAK = YES;
				CLANG_WARN_BLOCK_CAPTURE_AUTORELEASING = YES;
				CLANG_WARN_BOOL_CONVERSION = YES;
				CLANG_WARN_COMMA = YES;
				CLANG_WARN_CONSTANT_CONVERSION = YES;
				CLANG_WARN_DEPRECATED_OBJC_IMPLEMENTATIONS = YES;
				CLANG_WARN_DIRECT_OBJC_ISA_USAGE = YES_ERROR;
				CLANG_WARN_DOCUMENTATION_COMMENTS = YES;
				CLANG_WARN_EMPTY_BODY = YES;
				CLANG_WARN_ENUM_CONVERSION = YES;
				CLANG_WARN_INFINITE_RECURSION = YES;
				CLANG_WARN_INT_CONVERSION = YES;
				CLANG_WARN_NON_LITERAL_NULL_CONVERSION = YES;
				CLANG_WARN_OBJC_IMPLICIT_RETAIN_SELF = YES;
				CLANG_WARN_OBJC_LITERAL_CONVERSION = YES;
				CLANG_WARN_OBJC_ROOT_CLASS = YES_ERROR;
				CLANG_WARN_QUOTED_INCLUDE_IN_FRAMEWORK_HEADER = YES;
				CLANG_WARN_RANGE_LOOP_ANALYSIS = YES;
				CLANG_WARN_STRICT_PROTOTYPES = YES;
				CLANG_WARN_SUSPICIOUS_MOVE = YES;
				CLANG_WARN_UNGUARDED_AVAILABILITY = YES_AGGRESSIVE;
				CLANG_WARN_UNREACHABLE_CODE = YES;
				CLANG_WARN__DUPLICATE_METHOD_MATCH = YES;
				COPY_PHASE_STRIP = NO;
				DEBUG_INFORMATION_FORMAT = dwarf;
				ENABLE_STRICT_OBJC_MSGSEND = YES;
				ENABLE_TESTABILITY = YES;
				ENABLE_USER_SCRIPT_SANDBOXING = YES;
				GCC_C_LANGUAGE_STANDARD = gnu17;
				GCC_DYNAMIC_NO_PIC = NO;
				GCC_NO_COMMON_BLOCKS = YES;
				GCC_OPTIMIZATION_LEVEL = 0;
				GCC_PREPROCESSOR_DEFINITIONS = (
					"DEBUG=1",
					"$(inherited)",
				);
				GCC_WARN_64_TO_32_BIT_CONVERSION = YES;
				GCC_WARN_ABOUT_RETURN_TYPE = YES_ERROR;
				GCC_WARN_UNDECLARED_SELECTOR = YES;
				GCC_WARN_UNINITIALIZED_AUTOS = YES_AGGRESSIVE;
				GCC_WARN_UNUSED_FUNCTION = YES;
				GCC_WARN_UNUSED_VARIABLE = YES;
				IPHONEOS_DEPLOYMENT_TARGET = 17.5;
				LOCALIZATION_PREFERS_STRING_CATALOGS = YES;
				MTL_ENABLE_DEBUG_INFO = INCLUDE_SOURCE;
				MTL_FAST_MATH = YES;
				ONLY_ACTIVE_ARCH = YES;
				SDKROOT = iphoneos;
				SWIFT_ACTIVE_COMPILATION_CONDITIONS = "DEBUG $(inherited)";
				SWIFT_OPTIMIZATION_LEVEL = "-Onone";
			};
			name = Debug;
		};
		5F4F240A2C202C7B001E1CCF /* Release */ = {
			isa = XCBuildConfiguration;
			buildSettings = {
				ALWAYS_SEARCH_USER_PATHS = NO;
				ASSETCATALOG_COMPILER_GENERATE_SWIFT_ASSET_SYMBOL_EXTENSIONS = YES;
				CLANG_ANALYZER_NONNULL = YES;
				CLANG_ANALYZER_NUMBER_OBJECT_CONVERSION = YES_AGGRESSIVE;
				CLANG_CXX_LANGUAGE_STANDARD = "gnu++20";
				CLANG_ENABLE_MODULES = YES;
				CLANG_ENABLE_OBJC_ARC = YES;
				CLANG_ENABLE_OBJC_WEAK = YES;
				CLANG_WARN_BLOCK_CAPTURE_AUTORELEASING = YES;
				CLANG_WARN_BOOL_CONVERSION = YES;
				CLANG_WARN_COMMA = YES;
				CLANG_WARN_CONSTANT_CONVERSION = YES;
				CLANG_WARN_DEPRECATED_OBJC_IMPLEMENTATIONS = YES;
				CLANG_WARN_DIRECT_OBJC_ISA_USAGE = YES_ERROR;
				CLANG_WARN_DOCUMENTATION_COMMENTS = YES;
				CLANG_WARN_EMPTY_BODY = YES;
				CLANG_WARN_ENUM_CONVERSION = YES;
				CLANG_WARN_INFINITE_RECURSION = YES;
				CLANG_WARN_INT_CONVERSION = YES;
				CLANG_WARN_NON_LITERAL_NULL_CONVERSION = YES;
				CLANG_WARN_OBJC_IMPLICIT_RETAIN_SELF = YES;
				CLANG_WARN_OBJC_LITERAL_CONVERSION = YES;
				CLANG_WARN_OBJC_ROOT_CLASS = YES_ERROR;
				CLANG_WARN_QUOTED_INCLUDE_IN_FRAMEWORK_HEADER = YES;
				CLANG_WARN_RANGE_LOOP_ANALYSIS = YES;
				CLANG_WARN_STRICT_PROTOTYPES = YES;
				CLANG_WARN_SUSPICIOUS_MOVE = YES;
				CLANG_WARN_UNGUARDED_AVAILABILITY = YES_AGGRESSIVE;
				CLANG_WARN_UNREACHABLE_CODE = YES;
				CLANG_WARN__DUPLICATE_METHOD_MATCH = YES;
				COPY_PHASE_STRIP = NO;
				DEBUG_INFORMATION_FORMAT = "dwarf-with-dsym";
				ENABLE_NS_ASSERTIONS = NO;
				ENABLE_STRICT_OBJC_MSGSEND = YES;
				ENABLE_USER_SCRIPT_SANDBOXING = YES;
				GCC_C_LANGUAGE_STANDARD = gnu17;
				GCC_NO_COMMON_BLOCKS = YES;
				GCC_WARN_64_TO_32_BIT_CONVERSION = YES;
				GCC_WARN_ABOUT_RETURN_TYPE = YES_ERROR;
				GCC_WARN_UNDECLARED_SELECTOR = YES;
				GCC_WARN_UNINITIALIZED_AUTOS = YES_AGGRESSIVE;
				GCC_WARN_UNUSED_FUNCTION = YES;
				GCC_WARN_UNUSED_VARIABLE = YES;
				IPHONEOS_DEPLOYMENT_TARGET = 17.5;
				LOCALIZATION_PREFERS_STRING_CATALOGS = YES;
				MTL_ENABLE_DEBUG_INFO = NO;
				MTL_FAST_MATH = YES;
				SDKROOT = iphoneos;
				SWIFT_COMPILATION_MODE = wholemodule;
				VALIDATE_PRODUCT = YES;
			};
			name = Release;
		};
		5F4F240C2C202C7B001E1CCF /* Debug */ = {
			isa = XCBuildConfiguration;
			buildSettings = {
				ASSETCATALOG_COMPILER_APPICON_NAME = AppIcon;
				ASSETCATALOG_COMPILER_GLOBAL_ACCENT_COLOR_NAME = AccentColor;
				CODE_SIGN_STYLE = Automatic;
				CURRENT_PROJECT_VERSION = 1;
				DEVELOPMENT_ASSET_PATHS = "\"SimpleDemoMvvmSwiftUI/Preview Content\"";
				ENABLE_PREVIEWS = YES;
				GENERATE_INFOPLIST_FILE = YES;
				INFOPLIST_KEY_UIApplicationSceneManifest_Generation = YES;
				INFOPLIST_KEY_UIApplicationSupportsIndirectInputEvents = YES;
				INFOPLIST_KEY_UILaunchScreen_Generation = YES;
				INFOPLIST_KEY_UISupportedInterfaceOrientations_iPad = "UIInterfaceOrientationPortrait UIInterfaceOrientationPortraitUpsideDown UIInterfaceOrientationLandscapeLeft UIInterfaceOrientationLandscapeRight";
				INFOPLIST_KEY_UISupportedInterfaceOrientations_iPhone = "UIInterfaceOrientationPortrait UIInterfaceOrientationLandscapeLeft UIInterfaceOrientationLandscapeRight";
				LD_RUNPATH_SEARCH_PATHS = (
					"$(inherited)",
					"@executable_path/Frameworks",
				);
				MARKETING_VERSION = 1.0;
				PRODUCT_BUNDLE_IDENTIFIER = KA.SimpleDemoMvvmSwiftUI;
				PRODUCT_NAME = "$(TARGET_NAME)";
				SWIFT_EMIT_LOC_STRINGS = YES;
				SWIFT_VERSION = 5.0;
				TARGETED_DEVICE_FAMILY = "1,2";
			};
			name = Debug;
		};
		5F4F240D2C202C7B001E1CCF /* Release */ = {
			isa = XCBuildConfiguration;
			buildSettings = {
				ASSETCATALOG_COMPILER_APPICON_NAME = AppIcon;
				ASSETCATALOG_COMPILER_GLOBAL_ACCENT_COLOR_NAME = AccentColor;
				CODE_SIGN_STYLE = Automatic;
				CURRENT_PROJECT_VERSION = 1;
				DEVELOPMENT_ASSET_PATHS = "\"SimpleDemoMvvmSwiftUI/Preview Content\"";
				ENABLE_PREVIEWS = YES;
				GENERATE_INFOPLIST_FILE = YES;
				INFOPLIST_KEY_UIApplicationSceneManifest_Generation = YES;
				INFOPLIST_KEY_UIApplicationSupportsIndirectInputEvents = YES;
				INFOPLIST_KEY_UILaunchScreen_Generation = YES;
				INFOPLIST_KEY_UISupportedInterfaceOrientations_iPad = "UIInterfaceOrientationPortrait UIInterfaceOrientationPortraitUpsideDown UIInterfaceOrientationLandscapeLeft UIInterfaceOrientationLandscapeRight";
				INFOPLIST_KEY_UISupportedInterfaceOrientations_iPhone = "UIInterfaceOrientationPortrait UIInterfaceOrientationLandscapeLeft UIInterfaceOrientationLandscapeRight";
				LD_RUNPATH_SEARCH_PATHS = (
					"$(inherited)",
					"@executable_path/Frameworks",
				);
				MARKETING_VERSION = 1.0;
				PRODUCT_BUNDLE_IDENTIFIER = KA.SimpleDemoMvvmSwiftUI;
				PRODUCT_NAME = "$(TARGET_NAME)";
				SWIFT_EMIT_LOC_STRINGS = YES;
				SWIFT_VERSION = 5.0;
				TARGETED_DEVICE_FAMILY = "1,2";
			};
			name = Release;
		};
		5F4F240F2C202C7B001E1CCF /* Debug */ = {
			isa = XCBuildConfiguration;
			buildSettings = {
				ALWAYS_EMBED_SWIFT_STANDARD_LIBRARIES = YES;
				BUNDLE_LOADER = "$(TEST_HOST)";
				CODE_SIGN_STYLE = Automatic;
				CURRENT_PROJECT_VERSION = 1;
				GENERATE_INFOPLIST_FILE = YES;
				IPHONEOS_DEPLOYMENT_TARGET = 17.5;
				MARKETING_VERSION = 1.0;
				PRODUCT_BUNDLE_IDENTIFIER = KA.SimpleDemoMvvmSwiftUITests;
				PRODUCT_NAME = "$(TARGET_NAME)";
				SWIFT_EMIT_LOC_STRINGS = NO;
				SWIFT_VERSION = 5.0;
				TARGETED_DEVICE_FAMILY = "1,2";
				TEST_HOST = "$(BUILT_PRODUCTS_DIR)/SimpleDemoMvvmSwiftUI.app/$(BUNDLE_EXECUTABLE_FOLDER_PATH)/SimpleDemoMvvmSwiftUI";
			};
			name = Debug;
		};
		5F4F24102C202C7B001E1CCF /* Release */ = {
			isa = XCBuildConfiguration;
			buildSettings = {
				ALWAYS_EMBED_SWIFT_STANDARD_LIBRARIES = YES;
				BUNDLE_LOADER = "$(TEST_HOST)";
				CODE_SIGN_STYLE = Automatic;
				CURRENT_PROJECT_VERSION = 1;
				GENERATE_INFOPLIST_FILE = YES;
				IPHONEOS_DEPLOYMENT_TARGET = 17.5;
				MARKETING_VERSION = 1.0;
				PRODUCT_BUNDLE_IDENTIFIER = KA.SimpleDemoMvvmSwiftUITests;
				PRODUCT_NAME = "$(TARGET_NAME)";
				SWIFT_EMIT_LOC_STRINGS = NO;
				SWIFT_VERSION = 5.0;
				TARGETED_DEVICE_FAMILY = "1,2";
				TEST_HOST = "$(BUILT_PRODUCTS_DIR)/SimpleDemoMvvmSwiftUI.app/$(BUNDLE_EXECUTABLE_FOLDER_PATH)/SimpleDemoMvvmSwiftUI";
			};
			name = Release;
		};
		5F4F24122C202C7B001E1CCF /* Debug */ = {
			isa = XCBuildConfiguration;
			buildSettings = {
				ALWAYS_EMBED_SWIFT_STANDARD_LIBRARIES = YES;
				CODE_SIGN_STYLE = Automatic;
				CURRENT_PROJECT_VERSION = 1;
				GENERATE_INFOPLIST_FILE = YES;
				MARKETING_VERSION = 1.0;
				PRODUCT_BUNDLE_IDENTIFIER = KA.SimpleDemoMvvmSwiftUIUITests;
				PRODUCT_NAME = "$(TARGET_NAME)";
				SWIFT_EMIT_LOC_STRINGS = NO;
				SWIFT_VERSION = 5.0;
				TARGETED_DEVICE_FAMILY = "1,2";
				TEST_TARGET_NAME = SimpleDemoMvvmSwiftUI;
			};
			name = Debug;
		};
		5F4F24132C202C7B001E1CCF /* Release */ = {
			isa = XCBuildConfiguration;
			buildSettings = {
				ALWAYS_EMBED_SWIFT_STANDARD_LIBRARIES = YES;
				CODE_SIGN_STYLE = Automatic;
				CURRENT_PROJECT_VERSION = 1;
				GENERATE_INFOPLIST_FILE = YES;
				MARKETING_VERSION = 1.0;
				PRODUCT_BUNDLE_IDENTIFIER = KA.SimpleDemoMvvmSwiftUIUITests;
				PRODUCT_NAME = "$(TARGET_NAME)";
				SWIFT_EMIT_LOC_STRINGS = NO;
				SWIFT_VERSION = 5.0;
				TARGETED_DEVICE_FAMILY = "1,2";
				TEST_TARGET_NAME = SimpleDemoMvvmSwiftUI;
			};
			name = Release;
		};
/* End XCBuildConfiguration section */

/* Begin XCConfigurationList section */
		5F4F23E22C202C77001E1CCF /* Build configuration list for PBXProject "SimpleDemoMvvmSwiftUI" */ = {
			isa = XCConfigurationList;
			buildConfigurations = (
				5F4F24092C202C7B001E1CCF /* Debug */,
				5F4F240A2C202C7B001E1CCF /* Release */,
			);
			defaultConfigurationIsVisible = 0;
			defaultConfigurationName = Release;
		};
		5F4F240B2C202C7B001E1CCF /* Build configuration list for PBXNativeTarget "SimpleDemoMvvmSwiftUI" */ = {
			isa = XCConfigurationList;
			buildConfigurations = (
				5F4F240C2C202C7B001E1CCF /* Debug */,
				5F4F240D2C202C7B001E1CCF /* Release */,
			);
			defaultConfigurationIsVisible = 0;
			defaultConfigurationName = Release;
		};
		5F4F240E2C202C7B001E1CCF /* Build configuration list for PBXNativeTarget "SimpleDemoMvvmSwiftUITests" */ = {
			isa = XCConfigurationList;
			buildConfigurations = (
				5F4F240F2C202C7B001E1CCF /* Debug */,
				5F4F24102C202C7B001E1CCF /* Release */,
			);
			defaultConfigurationIsVisible = 0;
			defaultConfigurationName = Release;
		};
		5F4F24112C202C7B001E1CCF /* Build configuration list for PBXNativeTarget "SimpleDemoMvvmSwiftUIUITests" */ = {
			isa = XCConfigurationList;
			buildConfigurations = (
				5F4F24122C202C7B001E1CCF /* Debug */,
				5F4F24132C202C7B001E1CCF /* Release */,
			);
			defaultConfigurationIsVisible = 0;
			defaultConfigurationName = Release;
		};
/* End XCConfigurationList section */
	};
	rootObject = 5F4F23DF2C202C77001E1CCF /* Project object */;
}
